
Microsoft Visual Studio Solution File, Format Version 12.00
# Visual Studio Version 17
VisualStudioVersion = 17.9.34723.18
MinimumVisualStudioVersion = 10.0.40219.1
Project("{9A19103F-16F7-4668-BE54-9A1E7A4F7556}") = "CarAuctionService", "CarAuctionService\CarAuctionService.csproj", "{E821C2C3-6C34-4982-9F49-3113D326B825}"
EndProject
Project("{2150E333-8FDC-42A3-9474-1A3956D46DE8}") = "Solution Items", "Solution Items", "{55B279E0-2DF5-4E6E-A316-24C5393A8B87}"
	ProjectSection(SolutionItems) = preProject
		docker-compose.yml = docker-compose.yml
	EndProjectSection
EndProject
Global
	GlobalSection(SolutionConfigurationPlatforms) = preSolution
		Debug|Any CPU = Debug|Any CPU
		Release|Any CPU = Release|Any CPU
	EndGlobalSection
	GlobalSection(ProjectConfigurationPlatforms) = postSolution
		{E821C2C3-6C34-4982-9F49-3113D326B825}.Debug|Any CPU.ActiveCfg = Debug|Any CPU
		{E821C2C3-6C34-4982-9F49-3113D326B825}.Debug|Any CPU.Build.0 = Debug|Any CPU
		{E821C2C3-6C34-4982-9F49-3113D326B825}.Release|Any CPU.ActiveCfg = Release|Any CPU
		{E821C2C3-6C34-4982-9F49-3113D326B825}.Release|Any CPU.Build.0 = Release|Any CPU
	EndGlobalSection
	GlobalSection(SolutionProperties) = preSolution
		HideSolutionNode = FALSE
	EndGlobalSection
	GlobalSection(ExtensibilityGlobals) = postSolution
		SolutionGuid = {626A2A76-44E1-47A0-A875-3B44D7641899}
	EndGlobalSection
EndGlobal
